
Microsoft Visual Studio Solution File, Format Version 12.00
# Visual Studio Version 17
VisualStudioVersion = 17.2.32630.192
MinimumVisualStudioVersion = 10.0.40219.1
Project("{9A19103F-16F7-4668-BE54-9A1E7A4F7556}") = "EsercitazioneColino", "EsercitazioneColino\EsercitazioneColino.csproj", "{D6C9E263-F1D3-41BC-A7C9-9D1FED63FA21}"
EndProject
Project("{FAE04EC0-301F-11D3-BF4B-00C04F79EFBC}") = "ECFunc", "ECFunc\ECFunc.csproj", "{AD3A82B0-F264-48B5-A816-8D5C6911F003}"
EndProject
Global
	GlobalSection(SolutionConfigurationPlatforms) = preSolution
		Debug|Any CPU = Debug|Any CPU
		Release|Any CPU = Release|Any CPU
	EndGlobalSection
	GlobalSection(ProjectConfigurationPlatforms) = postSolution
		{D6C9E263-F1D3-41BC-A7C9-9D1FED63FA21}.Debug|Any CPU.ActiveCfg = Debug|Any CPU
		{D6C9E263-F1D3-41BC-A7C9-9D1FED63FA21}.Debug|Any CPU.Build.0 = Debug|Any CPU
		{D6C9E263-F1D3-41BC-A7C9-9D1FED63FA21}.Release|Any CPU.ActiveCfg = Release|Any CPU
		{D6C9E263-F1D3-41BC-A7C9-9D1FED63FA21}.Release|Any CPU.Build.0 = Release|Any CPU
		{AD3A82B0-F264-48B5-A816-8D5C6911F003}.Debug|Any CPU.ActiveCfg = Debug|Any CPU
		{AD3A82B0-F264-48B5-A816-8D5C6911F003}.Debug|Any CPU.Build.0 = Debug|Any CPU
		{AD3A82B0-F264-48B5-A816-8D5C6911F003}.Release|Any CPU.ActiveCfg = Release|Any CPU
		{AD3A82B0-F264-48B5-A816-8D5C6911F003}.Release|Any CPU.Build.0 = Release|Any CPU
	EndGlobalSection
	GlobalSection(SolutionProperties) = preSolution
		HideSolutionNode = FALSE
	EndGlobalSection
	GlobalSection(ExtensibilityGlobals) = postSolution
		SolutionGuid = {CC5F29F8-D488-4177-BC48-E4E192E606EB}
	EndGlobalSection
EndGlobal
